// !$*UTF8*$!
{
	archiveVersion = 1;
	classes = {
	};
	objectVersion = 50;
	objects = {

/* Begin PBXBuildFile section */
		74DDCDC424D7E3DF007578F4 /* AppDelegate.swift in Sources */ = {isa = PBXBuildFile; fileRef = 74DDCDC324D7E3DF007578F4 /* AppDelegate.swift */; };
		74DDCDC624D7E3DF007578F4 /* SceneDelegate.swift in Sources */ = {isa = PBXBuildFile; fileRef = 74DDCDC524D7E3DF007578F4 /* SceneDelegate.swift */; };
		74DDCDC824D7E3DF007578F4 /* ViewController.swift in Sources */ = {isa = PBXBuildFile; fileRef = 74DDCDC724D7E3DF007578F4 /* ViewController.swift */; };
		74DDCDCB24D7E3DF007578F4 /* Main.storyboard in Resources */ = {isa = PBXBuildFile; fileRef = 74DDCDC924D7E3DF007578F4 /* Main.storyboard */; };
		74DDCDCD24D7E3E4007578F4 /* Assets.xcassets in Resources */ = {isa = PBXBuildFile; fileRef = 74DDCDCC24D7E3E4007578F4 /* Assets.xcassets */; };
		74DDCDD024D7E3E4007578F4 /* LaunchScreen.storyboard in Resources */ = {isa = PBXBuildFile; fileRef = 74DDCDCE24D7E3E4007578F4 /* LaunchScreen.storyboard */; };
		BAF3D17A79497ADA75F695E2 /* Pods_Ramotion_Card_Slider.framework in Frameworks */ = {isa = PBXBuildFile; fileRef = 965D66F76B3FEAC3AA78CBF8 /* Pods_Ramotion_Card_Slider.framework */; };
/* End PBXBuildFile section */

/* Begin PBXFileReference section */
		74DDCDC024D7E3DF007578F4 /* Ramotion Card Slider.app */ = {isa = PBXFileReference; explicitFileType = wrapper.application; includeInIndex = 0; path = "Ramotion Card Slider.app"; sourceTree = BUILT_PRODUCTS_DIR; };
		74DDCDC324D7E3DF007578F4 /* AppDelegate.swift */ = {isa = PBXFileReference; lastKnownFileType = sourcecode.swift; path = AppDelegate.swift; sourceTree = "<group>"; };
		74DDCDC524D7E3DF007578F4 /* SceneDelegate.swift */ = {isa = PBXFileReference; lastKnownFileType = sourcecode.swift; path = SceneDelegate.swift; sourceTree = "<group>"; };
		74DDCDC724D7E3DF007578F4 /* ViewController.swift */ = {isa = PBXFileReference; lastKnownFileType = sourcecode.swift; path = ViewController.swift; sourceTree = "<group>"; };
		74DDCDCA24D7E3DF007578F4 /* Base */ = {isa = PBXFileReference; lastKnownFileType = file.storyboard; name = Base; path = Base.lproj/Main.storyboard; sourceTree = "<group>"; };
		74DDCDCC24D7E3E4007578F4 /* Assets.xcassets */ = {isa = PBXFileReference; lastKnownFileType = folder.assetcatalog; path = Assets.xcassets; sourceTree = "<group>"; };
		74DDCDCF24D7E3E4007578F4 /* Base */ = {isa = PBXFileReference; lastKnownFileType = file.storyboard; name = Base; path = Base.lproj/LaunchScreen.storyboard; sourceTree = "<group>"; };
		74DDCDD124D7E3E4007578F4 /* Info.plist */ = {isa = PBXFileReference; lastKnownFileType = text.plist.xml; path = Info.plist; sourceTree = "<group>"; };
		965D66F76B3FEAC3AA78CBF8 /* Pods_Ramotion_Card_Slider.framework */ = {isa = PBXFileReference; explicitFileType = wrapper.framework; includeInIndex = 0; path = Pods_Ramotion_Card_Slider.framework; sourceTree = BUILT_PRODUCTS_DIR; };
		C14788BAD542FB1F91A32684 /* Pods-Ramotion Card Slider.debug.xcconfig */ = {isa = PBXFileReference; includeInIndex = 1; lastKnownFileType = text.xcconfig; name = "Pods-Ramotion Card Slider.debug.xcconfig"; path = "Target Support Files/Pods-Ramotion Card Slider/Pods-Ramotion Card Slider.debug.xcconfig"; sourceTree = "<group>"; };
		E2A5373688E26E0F1FEBC2F3 /* Pods-Ramotion Card Slider.release.xcconfig */ = {isa = PBXFileReference; includeInIndex = 1; lastKnownFileType = text.xcconfig; name = "Pods-Ramotion Card Slider.release.xcconfig"; path = "Target Support Files/Pods-Ramotion Card Slider/Pods-Ramotion Card Slider.release.xcconfig"; sourceTree = "<group>"; };
/* End PBXFileReference section */

/* Begin PBXFrameworksBuildPhase section */
		74DDCDBD24D7E3DF007578F4 /* Frameworks */ = {
			isa = PBXFrameworksBuildPhase;
			buildActionMask = 2147483647;
			files = (
				BAF3D17A79497ADA75F695E2 /* Pods_Ramotion_Card_Slider.framework in Frameworks */,
			);
			runOnlyForDeploymentPostprocessing = 0;
		};
/* End PBXFrameworksBuildPhase section */

/* Begin PBXGroup section */
		6B6C3D401FAD432FE48495D3 /* Pods */ = {
			isa = PBXGroup;
			children = (
				C14788BAD542FB1F91A32684 /* Pods-Ramotion Card Slider.debug.xcconfig */,
				E2A5373688E26E0F1FEBC2F3 /* Pods-Ramotion Card Slider.release.xcconfig */,
			);
			name = Pods;
			path = Pods;
			sourceTree = "<group>";
		};
		74DDCDB724D7E3DF007578F4 = {
			isa = PBXGroup;
			children = (
				74DDCDC224D7E3DF007578F4 /* Ramotion Card Slider */,
				74DDCDC124D7E3DF007578F4 /* Products */,
				6B6C3D401FAD432FE48495D3 /* Pods */,
				9FC11FF877E71CD498AC37BC /* Frameworks */,
			);
			sourceTree = "<group>";
		};
		74DDCDC124D7E3DF007578F4 /* Products */ = {
			isa = PBXGroup;
			children = (
				74DDCDC024D7E3DF007578F4 /* Ramotion Card Slider.app */,
			);
			name = Products;
			sourceTree = "<group>";
		};
		74DDCDC224D7E3DF007578F4 /* Ramotion Card Slider */ = {
			isa = PBXGroup;
			children = (
				74DDCDC324D7E3DF007578F4 /* AppDelegate.swift */,
				74DDCDC524D7E3DF007578F4 /* SceneDelegate.swift */,
				74DDCDC724D7E3DF007578F4 /* ViewController.swift */,
				74DDCDC924D7E3DF007578F4 /* Main.storyboard */,
				74DDCDCC24D7E3E4007578F4 /* Assets.xcassets */,
				74DDCDCE24D7E3E4007578F4 /* LaunchScreen.storyboard */,
				74DDCDD124D7E3E4007578F4 /* Info.plist */,
			);
			path = "Ramotion Card Slider";
			sourceTree = "<group>";
		};
		9FC11FF877E71CD498AC37BC /* Frameworks */ = {
			isa = PBXGroup;
			children = (
				965D66F76B3FEAC3AA78CBF8 /* Pods_Ramotion_Card_Slider.framework */,
			);
			name = Frameworks;
			sourceTree = "<group>";
		};
/* End PBXGroup section */

/* Begin PBXNativeTarget section */
		74DDCDBF24D7E3DF007578F4 /* Ramotion Card Slider */ = {
			isa = PBXNativeTarget;
			buildConfigurationList = 74DDCDD424D7E3E4007578F4 /* Build configuration list for PBXNativeTarget "Ramotion Card Slider" */;
			buildPhases = (
				72EF9B5B30929EAAA767B15D /* [CP] Check Pods Manifest.lock */,
				74DDCDBC24D7E3DF007578F4 /* Sources */,
				74DDCDBD24D7E3DF007578F4 /* Frameworks */,
				74DDCDBE24D7E3DF007578F4 /* Resources */,
				BDCB05B6FDBB1E1FA8FE9AAC /* [CP] Embed Pods Frameworks */,
			);
			buildRules = (
			);
			dependencies = (
			);
			name = "Ramotion Card Slider";
			productName = "Ramotion Card Slider";
			productReference = 74DDCDC024D7E3DF007578F4 /* Ramotion Card Slider.app */;
			productType = "com.apple.product-type.application";
		};
/* End PBXNativeTarget section */

/* Begin PBXProject section */
		74DDCDB824D7E3DF007578F4 /* Project object */ = {
			isa = PBXProject;
			attributes = {
				LastSwiftUpdateCheck = 1130;
				LastUpgradeCheck = 1130;
				ORGANIZATIONNAME = "Niveus Solutions";
				TargetAttributes = {
					74DDCDBF24D7E3DF007578F4 = {
						CreatedOnToolsVersion = 11.3.1;
					};
				};
			};
			buildConfigurationList = 74DDCDBB24D7E3DF007578F4 /* Build configuration list for PBXProject "Ramotion Card Slider" */;
			compatibilityVersion = "Xcode 9.3";
			developmentRegion = en;
			hasScannedForEncodings = 0;
			knownRegions = (
				en,
				Base,
			);
			mainGroup = 74DDCDB724D7E3DF007578F4;
			productRefGroup = 74DDCDC124D7E3DF007578F4 /* Products */;
			projectDirPath = "";
			projectRoot = "";
			targets = (
				74DDCDBF24D7E3DF007578F4 /* Ramotion Card Slider */,
			);
		};
/* End PBXProject section */

/* Begin PBXResourcesBuildPhase section */
		74DDCDBE24D7E3DF007578F4 /* Resources */ = {
			isa = PBXResourcesBuildPhase;
			buildActionMask = 2147483647;
			files = (
				74DDCDD024D7E3E4007578F4 /* LaunchScreen.storyboard in Resources */,
				74DDCDCD24D7E3E4007578F4 /* Assets.xcassets in Resources */,
				74DDCDCB24D7E3DF007578F4 /* Main.storyboard in Resources */,
			);
			runOnlyForDeploymentPostprocessing = 0;
		};
/* End PBXResourcesBuildPhase section */

/* Begin PBXShellScriptBuildPhase section */
		72EF9B5B30929EAAA767B15D /* [CP] Check Pods Manifest.lock */ = {
			isa = PBXShellScriptBuildPhase;
			buildActionMask = 2147483647;
			files = (
			);
			inputFileListPaths = (
			);
			inputPaths = (
				"${PODS_PODFILE_DIR_PATH}/Podfile.lock",
				"${PODS_ROOT}/Manifest.lock",
			);
			name = "[CP] Check Pods Manifest.lock";
			outputFileListPaths = (
			);
			outputPaths = (
				"$(DERIVED_FILE_DIR)/Pods-Ramotion Card Slider-checkManifestLockResult.txt",
			);
			runOnlyForDeploymentPostprocessing = 0;
			shellPath = /bin/sh;
			shellScript = "diff \"${PODS_PODFILE_DIR_PATH}/Podfile.lock\" \"${PODS_ROOT}/Manifest.lock\" > /dev/null\nif [ $? != 0 ] ; then\n    # print error to STDERR\n    echo \"error: The sandbox is not in sync with the Podfile.lock. Run 'pod install' or update your CocoaPods installation.\" >&2\n    exit 1\nfi\n# This output is used by Xcode 'outputs' to avoid re-running this script phase.\necho \"SUCCESS\" > \"${SCRIPT_OUTPUT_FILE_0}\"\n";
			showEnvVarsInLog = 0;
		};
		BDCB05B6FDBB1E1FA8FE9AAC /* [CP] Embed Pods Frameworks */ = {
			isa = PBXShellScriptBuildPhase;
			buildActionMask = 2147483647;
			files = (
			);
			inputFileListPaths = (
				"${PODS_ROOT}/Target Support Files/Pods-Ramotion Card Slider/Pods-Ramotion Card Slider-frameworks-${CONFIGURATION}-input-files.xcfilelist",
			);
			name = "[CP] Embed Pods Frameworks";
			outputFileListPaths = (
				"${PODS_ROOT}/Target Support Files/Pods-Ramotion Card Slider/Pods-Ramotion Card Slider-frameworks-${CONFIGURATION}-output-files.xcfilelist",
			);
			runOnlyForDeploymentPostprocessing = 0;
			shellPath = /bin/sh;
			shellScript = "\"${PODS_ROOT}/Target Support Files/Pods-Ramotion Card Slider/Pods-Ramotion Card Slider-frameworks.sh\"\n";
			showEnvVarsInLog = 0;
		};
/* End PBXShellScriptBuildPhase section */

/* Begin PBXSourcesBuildPhase section */
		74DDCDBC24D7E3DF007578F4 /* Sources */ = {
			isa = PBXSourcesBuildPhase;
			buildActionMask = 2147483647;
			files = (
				74DDCDC824D7E3DF007578F4 /* ViewController.swift in Sources */,
				74DDCDC424D7E3DF007578F4 /* AppDelegate.swift in Sources */,
				74DDCDC624D7E3DF007578F4 /* SceneDelegate.swift in Sources */,
			);
			runOnlyForDeploymentPostprocessing = 0;
		};
/* End PBXSourcesBuildPhase section */

/* Begin PBXVariantGroup section */
		74DDCDC924D7E3DF007578F4 /* Main.storyboard */ = {
			isa = PBXVariantGroup;
			children = (
				74DDCDCA24D7E3DF007578F4 /* Base */,
			);
			name = Main.storyboard;
			sourceTree = "<group>";
		};
		74DDCDCE24D7E3E4007578F4 /* LaunchScreen.storyboard */ = {
			isa = PBXVariantGroup;
			children = (
				74DDCDCF24D7E3E4007578F4 /* Base */,
			);
			name = LaunchScreen.storyboard;
			sourceTree = "<group>";
		};
/* End PBXVariantGroup section */

/* Begin XCBuildConfiguration section */
		74DDCDD224D7E3E4007578F4 /* Debug */ = {
			isa = XCBuildConfiguration;
			buildSettings = {
				ALWAYS_SEARCH_USER_PATHS = NO;
				CLANG_ANALYZER_NONNULL = YES;
				CLANG_ANALYZER_NUMBER_OBJECT_CONVERSION = YES_AGGRESSIVE;
				CLANG_CXX_LANGUAGE_STANDARD = "gnu++14";
				CLANG_CXX_LIBRARY = "libc++";
				CLANG_ENABLE_MODULES = YES;
				CLANG_ENABLE_OBJC_ARC = YES;
				CLANG_ENABLE_OBJC_WEAK = YES;
				CLANG_WARN_BLOCK_CAPTURE_AUTORELEASING = YES;
				CLANG_WARN_BOOL_CONVERSION = YES;
				CLANG_WARN_COMMA = YES;
				CLANG_WARN_CONSTANT_CONVERSION = YES;
				CLANG_WARN_DEPRECATED_OBJC_IMPLEMENTATIONS = YES;
				CLANG_WARN_DIRECT_OBJC_ISA_USAGE = YES_ERROR;
				CLANG_WARN_DOCUMENTATION_COMMENTS = YES;
				CLANG_WARN_EMPTY_BODY = YES;
				CLANG_WARN_ENUM_CONVERSION = YES;
				CLANG_WARN_INFINITE_RECURSION = YES;
				CLANG_WARN_INT_CONVERSION = YES;
				CLANG_WARN_NON_LITERAL_NULL_CONVERSION = YES;
				CLANG_WARN_OBJC_IMPLICIT_RETAIN_SELF = YES;
				CLANG_WARN_OBJC_LITERAL_CONVERSION = YES;
				CLANG_WARN_OBJC_ROOT_CLASS = YES_ERROR;
				CLANG_WARN_RANGE_LOOP_ANALYSIS = YES;
				CLANG_WARN_STRICT_PROTOTYPES = YES;
				CLANG_WARN_SUSPICIOUS_MOVE = YES;
				CLANG_WARN_UNGUARDED_AVAILABILITY = YES_AGGRESSIVE;
				CLANG_WARN_UNREACHABLE_CODE = YES;
				CLANG_WARN__DUPLICATE_METHOD_MATCH = YES;
				COPY_PHASE_STRIP = NO;
				DEBUG_INFORMATION_FORMAT = dwarf;
				ENABLE_STRICT_OBJC_MSGSEND = YES;
				ENABLE_TESTABILITY = YES;
				GCC_C_LANGUAGE_STANDARD = gnu11;
				GCC_DYNAMIC_NO_PIC = NO;
				GCC_NO_COMMON_BLOCKS = YES;
				GCC_OPTIMIZATION_LEVEL = 0;
				GCC_PREPROCESSOR_DEFINITIONS = (
					"DEBUG=1",
					"$(inherited)",
				);
				GCC_WARN_64_TO_32_BIT_CONVERSION = YES;
				GCC_WARN_ABOUT_RETURN_TYPE = YES_ERROR;
				GCC_WARN_UNDECLARED_SELECTOR = YES;
				GCC_WARN_UNINITIALIZED_AUTOS = YES_AGGRESSIVE;
				GCC_WARN_UNUSED_FUNCTION = YES;
				GCC_WARN_UNUSED_VARIABLE = YES;
				IPHONEOS_DEPLOYMENT_TARGET = 13.2;
				MTL_ENABLE_DEBUG_INFO = INCLUDE_SOURCE;
				MTL_FAST_MATH = YES;
				ONLY_ACTIVE_ARCH = YES;
				SDKROOT = iphoneos;
				SWIFT_ACTIVE_COMPILATION_CONDITIONS = DEBUG;
				SWIFT_OPTIMIZATION_LEVEL = "-Onone";
			};
			name = Debug;
		};
		74DDCDD324D7E3E4007578F4 /* Release */ = {
			isa = XCBuildConfiguration;
			buildSettings = {
				ALWAYS_SEARCH_USER_PATHS = NO;
				CLANG_ANALYZER_NONNULL = YES;
				CLANG_ANALYZER_NUMBER_OBJECT_CONVERSION = YES_AGGRESSIVE;
				CLANG_CXX_LANGUAGE_STANDARD = "gnu++14";
				CLANG_CXX_LIBRARY = "libc++";
				CLANG_ENABLE_MODULES = YES;
				CLANG_ENABLE_OBJC_ARC = YES;
				CLANG_ENABLE_OBJC_WEAK = YES;
				CLANG_WARN_BLOCK_CAPTURE_AUTORELEASING = YES;
				CLANG_WARN_BOOL_CONVERSION = YES;
				CLANG_WARN_COMMA = YES;
				CLANG_WARN_CONSTANT_CONVERSION = YES;
				CLANG_WARN_DEPRECATED_OBJC_IMPLEMENTATIONS = YES;
				CLANG_WARN_DIRECT_OBJC_ISA_USAGE = YES_ERROR;
				CLANG_WARN_DOCUMENTATION_COMMENTS = YES;
				CLANG_WARN_EMPTY_BODY = YES;
				CLANG_WARN_ENUM_CONVERSION = YES;
				CLANG_WARN_INFINITE_RECURSION = YES;
				CLANG_WARN_INT_CONVERSION = YES;
				CLANG_WARN_NON_LITERAL_NULL_CONVERSION = YES;
				CLANG_WARN_OBJC_IMPLICIT_RETAIN_SELF = YES;
				CLANG_WARN_OBJC_LITERAL_CONVERSION = YES;
				CLANG_WARN_OBJC_ROOT_CLASS = YES_ERROR;
				CLANG_WARN_RANGE_LOOP_ANALYSIS = YES;
				CLANG_WARN_STRICT_PROTOTYPES = YES;
				CLANG_WARN_SUSPICIOUS_MOVE = YES;
				CLANG_WARN_UNGUARDED_AVAILABILITY = YES_AGGRESSIVE;
				CLANG_WARN_UNREACHABLE_CODE = YES;
				CLANG_WARN__DUPLICATE_METHOD_MATCH = YES;
				COPY_PHASE_STRIP = NO;
				DEBUG_INFORMATION_FORMAT = "dwarf-with-dsym";
				ENABLE_NS_ASSERTIONS = NO;
				ENABLE_STRICT_OBJC_MSGSEND = YES;
				GCC_C_LANGUAGE_STANDARD = gnu11;
				GCC_NO_COMMON_BLOCKS = YES;
				GCC_WARN_64_TO_32_BIT_CONVERSION = YES;
				GCC_WARN_ABOUT_RETURN_TYPE = YES_ERROR;
				GCC_WARN_UNDECLARED_SELECTOR = YES;
				GCC_WARN_UNINITIALIZED_AUTOS = YES_AGGRESSIVE;
				GCC_WARN_UNUSED_FUNCTION = YES;
				GCC_WARN_UNUSED_VARIABLE = YES;
				IPHONEOS_DEPLOYMENT_TARGET = 13.2;
				MTL_ENABLE_DEBUG_INFO = NO;
				MTL_FAST_MATH = YES;
				SDKROOT = iphoneos;
				SWIFT_COMPILATION_MODE = wholemodule;
				SWIFT_OPTIMIZATION_LEVEL = "-O";
				VALIDATE_PRODUCT = YES;
			};
			name = Release;
		};
		74DDCDD524D7E3E4007578F4 /* Debug */ = {
			isa = XCBuildConfiguration;
			baseConfigurationReference = C14788BAD542FB1F91A32684 /* Pods-Ramotion Card Slider.debug.xcconfig */;
			buildSettings = {
				ASSETCATALOG_COMPILER_APPICON_NAME = AppIcon;
				CODE_SIGN_STYLE = Automatic;
				INFOPLIST_FILE = "Ramotion Card Slider/Info.plist";
				LD_RUNPATH_SEARCH_PATHS = (
					"$(inherited)",
					"@executable_path/Frameworks",
				);
				PRODUCT_BUNDLE_IDENTIFIER = "com.codessample.Ramotion-Card-Slider";
				PRODUCT_NAME = "$(TARGET_NAME)";
				SWIFT_VERSION = 5.0;
				TARGETED_DEVICE_FAMILY = "1,2";
			};
			name = Debug;
		};
		74DDCDD624D7E3E4007578F4 /* Release */ = {
			isa = XCBuildConfiguration;
			baseConfigurationReference = E2A5373688E26E0F1FEBC2F3 /* Pods-Ramotion Card Slider.release.xcconfig */;
			buildSettings = {
				ASSETCATALOG_COMPILER_APPICON_NAME = AppIcon;
				CODE_SIGN_STYLE = Automatic;
				INFOPLIST_FILE = "Ramotion Card Slider/Info.plist";
				LD_RUNPATH_SEARCH_PATHS = (
					"$(inherited)",
					"@executable_path/Frameworks",
				);
				PRODUCT_BUNDLE_IDENTIFIER = "com.codessample.Ramotion-Card-Slider";
				PRODUCT_NAME = "$(TARGET_NAME)";
				SWIFT_VERSION = 5.0;
				TARGETED_DEVICE_FAMILY = "1,2";
			};
			name = Release;
		};
/* End XCBuildConfiguration section */

/* Begin XCConfigurationList section */
		74DDCDBB24D7E3DF007578F4 /* Build configuration list for PBXProject "Ramotion Card Slider" */ = {
			isa = XCConfigurationList;
			buildConfigurations = (
				74DDCDD224D7E3E4007578F4 /* Debug */,
				74DDCDD324D7E3E4007578F4 /* Release */,
			);
			defaultConfigurationIsVisible = 0;
			defaultConfigurationName = Release;
		};
		74DDCDD424D7E3E4007578F4 /* Build configuration list for PBXNativeTarget "Ramotion Card Slider" */ = {
			isa = XCConfigurationList;
			buildConfigurations = (
				74DDCDD524D7E3E4007578F4 /* Debug */,
				74DDCDD624D7E3E4007578F4 /* Release */,
			);
			defaultConfigurationIsVisible = 0;
			defaultConfigurationName = Release;
		};
/* End XCConfigurationList section */
	};
	rootObject = 74DDCDB824D7E3DF007578F4 /* Project object */;
}
